
Microsoft Visual Studio Solution File, Format Version 12.00
# Visual Studio Version 16
VisualStudioVersion = 16.0.32228.343
MinimumVisualStudioVersion = 10.0.40219.1
Project("{8BC9CEB8-8B4A-11D0-8D11-00A0C91BC942}") = "Semestralna_praca_AUS_Papanova", "Semestralna_praca_AUS_Papanova\Semestralna_praca_AUS_Papanova.vcxproj", "{2E5987A0-65D1-4A1E-B93D-31B257F9D2FD}"
EndProject
Global
	GlobalSection(SolutionConfigurationPlatforms) = preSolution
		Debug|x64 = Debug|x64
		Debug|x86 = Debug|x86
		Release|x64 = Release|x64
		Release|x86 = Release|x86
	EndGlobalSection
	GlobalSection(ProjectConfigurationPlatforms) = postSolution
		{2E5987A0-65D1-4A1E-B93D-31B257F9D2FD}.Debug|x64.ActiveCfg = Debug|x64
		{2E5987A0-65D1-4A1E-B93D-31B257F9D2FD}.Debug|x64.Build.0 = Debug|x64
		{2E5987A0-65D1-4A1E-B93D-31B257F9D2FD}.Debug|x86.ActiveCfg = Debug|Win32
		{2E5987A0-65D1-4A1E-B93D-31B257F9D2FD}.Debug|x86.Build.0 = Debug|Win32
		{2E5987A0-65D1-4A1E-B93D-31B257F9D2FD}.Release|x64.ActiveCfg = Release|x64
		{2E5987A0-65D1-4A1E-B93D-31B257F9D2FD}.Release|x64.Build.0 = Release|x64
		{2E5987A0-65D1-4A1E-B93D-31B257F9D2FD}.Release|x86.ActiveCfg = Release|Win32
		{2E5987A0-65D1-4A1E-B93D-31B257F9D2FD}.Release|x86.Build.0 = Release|Win32
	EndGlobalSection
	GlobalSection(SolutionProperties) = preSolution
		HideSolutionNode = FALSE
	EndGlobalSection
	GlobalSection(ExtensibilityGlobals) = postSolution
		SolutionGuid = {10297956-2951-4D8B-96BB-0B32E5C725CA}
	EndGlobalSection
EndGlobal
